{
    "_meta": {
        "hash": {
            "sha256": "90fcfb7b90877daad8634ace60805a3b93c726ad401d6773141560543f84234d"
        },
        "pipfile-spec": 6,
        "requires": {
            "python_version": "3.8"
        },
        "sources": [
            {
                "name": "pypi",
                "url": "https://pypi.org/simple",
                "verify_ssl": true
            }
        ]
    },
    "default": {
        "affine": {
            "hashes": [
                "sha256:2e045def1aa29e613c42e801a7e10e0b9bacfed1a7c6af0cadf8843530a15102",
                "sha256:34b05b070d954c382e56f02c207a372d8a32621a87653cc30cdd31cd7f65799f"
            ],
            "version": "==2.3.0"
        },
        "appdirs": {
            "hashes": [
                "sha256:7d5d0167b2b1ba821647616af46a749d1c653740dd0d2415100fe26e27afdf41",
                "sha256:a841dacd6b99318a741b166adb07e19ee71a274450e68237b4650ca1055ab128"
            ],
            "version": "==1.4.4"
        },
        "attrs": {
            "hashes": [
                "sha256:149e90d6d8ac20db7a955ad60cf0e6881a3f20d37096140088356da6c716b0b1",
                "sha256:ef6aaac3ca6cd92904cdd0d83f629a15f18053ec84e6432106f7a4d04ae4f5fb"
            ],
            "markers": "python_version >= '2.7' and python_version not in '3.0, 3.1, 3.2, 3.3, 3.4'",
            "version": "==21.2.0"
        },
        "black": {
            "hashes": [
                "sha256:1c7aa6ada8ee864db745b22790a32f94b2795c253a75d6d9b5e439ff10d23116",
                "sha256:c8373c6491de9362e39271630b65b964607bc5c79c83783547d76c839b3aa219"
            ],
            "index": "pypi",
            "version": "==21.7b0"
        },
        "certifi": {
            "hashes": [
                "sha256:2bbf76fd432960138b3ef6dda3dde0544f27cbf8546c458e60baf371917ba9ee",
                "sha256:50b1e4f8446b06f41be7dd6338db18e0990601dce795c2b1686458aa7e8fa7d8"
            ],
            "version": "==2021.5.30"
        },
        "charset-normalizer": {
            "hashes": [
                "sha256:0c8911edd15d19223366a194a513099a302055a962bca2cec0f54b8b63175d8b",
                "sha256:f23667ebe1084be45f6ae0538e4a5a865206544097e4e8bbcacf42cd02a348f3"
            ],
            "markers": "python_version >= '3'",
            "version": "==2.0.4"
        },
        "click": {
            "hashes": [
                "sha256:8c04c11192119b1ef78ea049e0a6f0463e4c48ef00a30160c704337586f3ad7a",
                "sha256:fba402a4a47334742d782209a7c79bc448911afe1149d07bdabdf480b3e2f4b6"
            ],
            "markers": "python_version >= '3.6'",
            "version": "==8.0.1"
        },
        "click-plugins": {
            "hashes": [
                "sha256:46ab999744a9d831159c3411bb0c79346d94a444df9a3a3742e9ed63645f264b",
                "sha256:5d262006d3222f5057fd81e1623d4443e41dcda5dc815c06b442aa3c02889fc8"
            ],
            "version": "==1.1.1"
        },
        "cligj": {
            "hashes": [
                "sha256:a4bc13d623356b373c2c27c53dbd9c68cae5d526270bfa71f6c6fa69669c6b27",
                "sha256:c1ca117dbce1fe20a5809dc96f01e1c2840f6dcc939b3ddbb1111bf330ba82df"
            ],
            "markers": "python_version >= '2.7' and python_version not in '3.0, 3.1, 3.2, 3.3' and python_version < '4'",
            "version": "==0.7.2"
        },
        "comet-ml": {
            "hashes": [
                "sha256:10932268f9c2293545cc0a6e6b2114650dd71fc4c802d94be98f4914b61ad25d",
                "sha256:648dabca1d4e7db00233b77745cf8f8ea01e7e42d493e4bdd95c27edafd95b65"
            ],
            "index": "pypi",
            "version": "==3.15.0"
        },
        "configobj": {
            "hashes": [
                "sha256:a2f5650770e1c87fb335af19a9b7eb73fc05ccf22144eb68db7d00cd2bcb0902"
            ],
            "version": "==5.0.6"
        },
        "dulwich": {
            "hashes": [
                "sha256:0d09bc588bfdeca14b3e41d5d75aa4f9ea6b0b298b283bc29c3aa1b2c7788653",
                "sha256:12edad6ef398815fff9e51223be5838cd66bcdb164a442f652494ae9bb54720c",
                "sha256:3be5fc65f84787bd9039aabf2b8b7ad1a02311a16cd0e851504784b62ba91d61",
                "sha256:6d060f996fba4f7aa94e1fedc53e76e8e9ef5b8f7ec026d804a68d63b8df2867",
                "sha256:6dcd552e8b6899da4cb87e3a0d71673fde03d2d8cf80d2d8946e4ccca15b307c",
                "sha256:6fad76fca381ceb914d156eb25c0cc77132cff1156d035271203c521134472b6",
                "sha256:75816b242340c413814d22a8011d0596279ea8f4758bf2f91efd45388915f5d8",
                "sha256:79baea81583eb61eb7bd4a819ab6096686b362c626a4640d84d4fc5539139353",
                "sha256:7e9649b962b753205e0a9a0cf2537871cb89eb3751f6c24e4d5f0d349c96b394",
                "sha256:962bb4ce269f8959c818bf58b92fac601ef6c3f63a07ac46a526c83ec5bfb635",
                "sha256:9b432869199972f0159e7d8cee02fde088c576ff294a01f5253a4ae7cb8f57c4",
                "sha256:b10d8cf0e71395871c90ca29ef794ecf04665ba41550029842b53c03af1c6ac5",
                "sha256:d4dbdabf71db1028f64e868081746869c17d8dbb6a16abb89b707e7a5590b121",
                "sha256:da7655385e090b805c262df42f8b75a115345343951ca2497476df0a6287c20e",
                "sha256:eb2cbc0bd62e21011161bde7f4bad7a606d7fbafe4b2e06f09d0cb8fac2e2fd2",
                "sha256:f676d89db4777e854b28ea87b9bb1b0b156f6a743564c0daeb88502adaec7313",
                "sha256:fabad0116db6f14568fef36962382c2ed698b8d305d2baaec9501a76eb836edd"
            ],
            "markers": "python_version >= '3'",
            "version": "==0.20.25"
        },
        "everett": {
            "extras": [
                "ini"
            ],
            "hashes": [
                "sha256:2a08c4401ddd707f3161927e11a817cdaebabd71447f6a962612ec74b91e3898",
                "sha256:f79bc7abc1a9f5b0db54dbfee3408eb0b3afd9f8040a4e77cc824e0347a6034d"
            ],
            "markers": "python_version >= '3.6'",
            "version": "==2.0.1"
        },
        "flake8": {
            "hashes": [
                "sha256:07528381786f2a6237b061f6e96610a4167b226cb926e2aa2b6b1d78057c576b",
                "sha256:bf8fd333346d844f616e8d47905ef3a3384edae6b4e9beb0c5101e25e3110907"
            ],
            "index": "pypi",
            "version": "==3.9.2"
        },
        "idna": {
            "hashes": [
                "sha256:14475042e284991034cb48e06f6851428fb14c4dc953acd9be9a5e95c7b6dd7a",
                "sha256:467fbad99067910785144ce333826c71fb0e63a425657295239737f7ecd125f3"
            ],
            "markers": "python_version >= '3'",
            "version": "==3.2"
        },
        "iniconfig": {
            "hashes": [
                "sha256:011e24c64b7f47f6ebd835bb12a743f2fbe9a26d4cecaa7f53bc4f35ee9da8b3",
                "sha256:bc3af051d7d14b2ee5ef9969666def0cd1a000e121eaea580d4a313df4b37f32"
            ],
            "version": "==1.1.1"
        },
        "jsonschema": {
            "hashes": [
                "sha256:4e5b3cf8216f577bee9ce139cbe72eca3ea4f292ec60928ff24758ce626cd163",
                "sha256:c8a85b28d377cc7737e46e2d9f2b4f44ee3c0e1deac6bf46ddefc7187d30797a"
            ],
            "version": "==3.2.0"
        },
        "mccabe": {
            "hashes": [
                "sha256:ab8a6258860da4b6677da4bd2fe5dc2c659cff31b3ee4f7f5d64e79735b80d42",
                "sha256:dd8d182285a0fe56bace7f45b5e7d1a6ebcbf524e8f3bd87eb0f125271b8831f"
            ],
            "version": "==0.6.1"
        },
        "mypy-extensions": {
            "hashes": [
                "sha256:090fedd75945a69ae91ce1303b5824f428daf5a028d2f6ab8a299250a846f15d",
                "sha256:2d82818f5bb3e369420cb3c4060a7970edba416647068eb4c5343488a6c604a8"
            ],
            "version": "==0.4.3"
        },
        "numpy": {
            "hashes": [
                "sha256:01721eefe70544d548425a07c80be8377096a54118070b8a62476866d5208e33",
                "sha256:0318c465786c1f63ac05d7c4dbcecd4d2d7e13f0959b01b534ea1e92202235c5",
                "sha256:05a0f648eb28bae4bcb204e6fd14603de2908de982e761a2fc78efe0f19e96e1",
                "sha256:1412aa0aec3e00bc23fbb8664d76552b4efde98fb71f60737c83efbac24112f1",
                "sha256:25b40b98ebdd272bc3020935427a4530b7d60dfbe1ab9381a39147834e985eac",
                "sha256:2d4d1de6e6fb3d28781c73fbde702ac97f03d79e4ffd6598b880b2d95d62ead4",
                "sha256:38e8648f9449a549a7dfe8d8755a5979b45b3538520d1e735637ef28e8c2dc50",
                "sha256:4a3d5fb89bfe21be2ef47c0614b9c9c707b7362386c9a3ff1feae63e0267ccb6",
                "sha256:635e6bd31c9fb3d475c8f44a089569070d10a9ef18ed13738b03049280281267",
                "sha256:73101b2a1fef16602696d133db402a7e7586654682244344b8329cdcbbb82172",
                "sha256:791492091744b0fe390a6ce85cc1bf5149968ac7d5f0477288f78c89b385d9af",
                "sha256:7a708a79c9a9d26904d1cca8d383bf869edf6f8e7650d85dbc77b041e8c5a0f8",
                "sha256:88c0b89ad1cc24a5efbb99ff9ab5db0f9a86e9cc50240177a571fbe9c2860ac2",
                "sha256:8a326af80e86d0e9ce92bcc1e65c8ff88297de4fa14ee936cb2293d414c9ec63",
                "sha256:8a92c5aea763d14ba9d6475803fc7904bda7decc2a0a68153f587ad82941fec1",
                "sha256:91c6f5fc58df1e0a3cc0c3a717bb3308ff850abdaa6d2d802573ee2b11f674a8",
                "sha256:95b995d0c413f5d0428b3f880e8fe1660ff9396dcd1f9eedbc311f37b5652e16",
                "sha256:9749a40a5b22333467f02fe11edc98f022133ee1bfa8ab99bda5e5437b831214",
                "sha256:978010b68e17150db8765355d1ccdd450f9fc916824e8c4e35ee620590e234cd",
                "sha256:9a513bd9c1551894ee3d31369f9b07460ef223694098cf27d399513415855b68",
                "sha256:a75b4498b1e93d8b700282dc8e655b8bd559c0904b3910b144646dbbbc03e062",
                "sha256:c6a2324085dd52f96498419ba95b5777e40b6bcbc20088fddb9e8cbb58885e8e",
                "sha256:d7a4aeac3b94af92a9373d6e77b37691b86411f9745190d2c351f410ab3a791f",
                "sha256:d9e7912a56108aba9b31df688a4c4f5cb0d9d3787386b87d504762b6754fbb1b",
                "sha256:dff4af63638afcc57a3dfb9e4b26d434a7a602d225b42d746ea7fe2edf1342fd",
                "sha256:e46ceaff65609b5399163de5893d8f2a82d3c77d5e56d976c8b5fb01faa6b671",
                "sha256:f01f28075a92eede918b965e86e8f0ba7b7797a95aa8d35e1cc8821f5fc3ad6a",
                "sha256:fd7d7409fa643a91d0a05c7554dd68aa9c9bb16e186f6ccfe40d6e003156e33a"
            ],
            "index": "pypi",
            "version": "==1.21.1"
        },
        "nvidia-ml-py3": {
            "hashes": [
                "sha256:390f02919ee9d73fe63a98c73101061a6b37fa694a793abf56673320f1f51277"
            ],
            "version": "==7.352.0"
        },
        "opencv-python": {
            "hashes": [
                "sha256:05c5139d620e8d02f7ce0921796d55736fa19fa15e2ec00a388db2eb1ae1e9a1",
                "sha256:085232718f28bddd265da480874c37db5c7354cb08f23f4a68a8639b16276a89",
                "sha256:18a4a14015eee30d9cd514db8cdefbf594b1d5c234762d27abe512d62a333bc3",
                "sha256:205a73adb29c37e42475645519e612e843a985475da993d10b4d5daa6afec36a",
                "sha256:3c001d3feec7f3140f1fb78dfc52ca28122db8240826882d175a208a89d2731b",
                "sha256:437f30e300725e1d1b3744dbfbc66a523a4744792b58f3dbe1e9140c8f4dfba5",
                "sha256:5366fcd6eae4243add3c8c92142045850f1db8e464bcf0b75313e1596b2e3671",
                "sha256:54c64e86a087841869901fd34462bb6bec01cd4652800fdf5d92fe7b0596c82f",
                "sha256:6763729fcfee2a08e069aa1982c9a8c1abf55b9cdf2fb9640eda1d85bdece19a",
                "sha256:68813b720b88e4951e84399b9a8a7b532d45a07a96ea8f539636242f862e32e0",
                "sha256:7f41b97d84ac66bdf13cb4d9f4dad3e159525ba1e3f421e670c787ce536eb70a",
                "sha256:831b92fe63ce18dd628f71104da7e60596658b75e2fa16b83aefa3eb10c115e2",
                "sha256:881f3d85269500e0c7d72b140a6ebb5c14a089f8140fb9da7ce01f12a245858e",
                "sha256:8852be06c0749fef0d9c58f532bbcb0570968c59e41cf56b90f5c92593c6e108",
                "sha256:8b5bc61be7fc8565140b746288b370a4bfdb4edb9d680b66bb914e7690485db1",
                "sha256:8d3282138f3a8646941089aae142684910ebe40776266448eab5f4bb609fc63f",
                "sha256:9a78558b5ae848386edbb843c761e5fed5a8480be9af16274a5a78838529edeb",
                "sha256:b42bbba9f5421865377c7960bd4f3dd881003b322a6bf46ed2302b89224d102b",
                "sha256:c360cb76ad1ddbd5d2d3e730b42f2ff6e4be08ea6f4a6eefacca175d27467e8f",
                "sha256:cdc3363c2911d7cfc6c9f55308c51c2841a7aecbf0bf5e791499d220ce89d880",
                "sha256:e1f54736272830a1e895cedf7a4ee67737e31e966d380c82a81ef22515d043a3",
                "sha256:e42c644a70d5c54f53a4b114dbd88b4eb83f42a9ca998f07bd5682f3f404efcc",
                "sha256:f1bda4d144f5204e077ca4571453ebb2015e5748d5e0043386c92c2bbf7f52eb",
                "sha256:f3ac2355217114a683f3f72a9c40a5890914a59c4a2df62e4083c66ff65c9cf9"
            ],
            "index": "pypi",
            "version": "==4.5.3.56"
        },
        "packaging": {
            "hashes": [
                "sha256:7dc96269f53a4ccec5c0670940a4281106dd0bb343f47b7471f779df49c2fbe7",
                "sha256:c86254f9220d55e31cc94d69bade760f0847da8000def4dfe1c6b872fd14ff14"
            ],
            "markers": "python_version >= '3.6'",
            "version": "==21.0"
        },
        "pandas": {
            "hashes": [
                "sha256:0c976e023ed580e60a82ccebdca8e1cc24d8b1fbb28175eb6521025c127dab66",
                "sha256:114c6789d15862508900a25cb4cb51820bfdd8595ea306bab3b53cd19f990b65",
                "sha256:1ee8418d0f936ff2216513aa03e199657eceb67690995d427a4a7ecd2e68f442",
                "sha256:22f3fcc129fb482ef44e7df2a594f0bd514ac45aabe50da1a10709de1b0f9d84",
                "sha256:23c7452771501254d2ae23e9e9dac88417de7e6eff3ce64ee494bb94dc88c300",
                "sha256:341935a594db24f3ff07d1b34d1d231786aa9adfa84b76eab10bf42907c8aed3",
                "sha256:45656cd59ae9745a1a21271a62001df58342b59c66d50754390066db500a8362",
                "sha256:527c43311894aff131dea99cf418cd723bfd4f0bcf3c3da460f3b57e52a64da5",
                "sha256:5c09a2538f0fddf3895070579082089ff4ae52b6cb176d8ec7a4dacf7e3676c1",
                "sha256:5d9acfca191140a518779d1095036d842d5e5bc8e8ad8b5eaad1aff90fe1870d",
                "sha256:5ee927c70794e875a59796fab8047098aa59787b1be680717c141cd7873818ae",
                "sha256:7150039e78a81eddd9f5a05363a11cadf90a4968aac6f086fd83e66cf1c8d1d6",
                "sha256:905fc3e0fcd86b0a9f1f97abee7d36894698d2592b22b859f08ea5a8fe3d3aab",
                "sha256:9d06661c6eb741ae633ee1c57e8c432bb4203024e263fe1a077fa3fda7817fdb",
                "sha256:9e1fe6722cbe27eb5891c1977bca62d456c19935352eea64d33956db46139364",
                "sha256:be12d77f7e03c40a2466ed00ccd1a5f20a574d3c622fe1516037faa31aa448aa",
                "sha256:c28760932283d2c9f6fa5e53d2f77a514163b9e67fd0ee0879081be612567195",
                "sha256:e323028ab192fcfe1e8999c012a0fa96d066453bb354c7e7a4a267b25e73d3c8",
                "sha256:fdb3b33dde260b1766ea4d3c6b8fbf6799cee18d50a2a8bc534cf3550b7c819a"
            ],
            "index": "pypi",
            "version": "==1.3.1"
        },
        "pathspec": {
            "hashes": [
                "sha256:7d15c4ddb0b5c802d161efc417ec1a2558ea2653c2e8ad9c19098201dc1c993a",
                "sha256:e564499435a2673d586f6b2130bb5b95f04a3ba06f81b8f895b651a3c76aabb1"
            ],
            "version": "==0.9.0"
        },
        "pillow": {
            "hashes": [
                "sha256:0b2efa07f69dc395d95bb9ef3299f4ca29bcb2157dc615bae0b42c3c20668ffc",
                "sha256:114f816e4f73f9ec06997b2fde81a92cbf0777c9e8f462005550eed6bae57e63",
                "sha256:147bd9e71fb9dcf08357b4d530b5167941e222a6fd21f869c7911bac40b9994d",
                "sha256:15a2808e269a1cf2131930183dcc0419bc77bb73eb54285dde2706ac9939fa8e",
                "sha256:196560dba4da7a72c5e7085fccc5938ab4075fd37fe8b5468869724109812edd",
                "sha256:1c03e24be975e2afe70dfc5da6f187eea0b49a68bb2b69db0f30a61b7031cee4",
                "sha256:1fd5066cd343b5db88c048d971994e56b296868766e461b82fa4e22498f34d77",
                "sha256:29c9569049d04aaacd690573a0398dbd8e0bf0255684fee512b413c2142ab723",
                "sha256:2b6dfa068a8b6137da34a4936f5a816aba0ecc967af2feeb32c4393ddd671cba",
                "sha256:2cac53839bfc5cece8fdbe7f084d5e3ee61e1303cccc86511d351adcb9e2c792",
                "sha256:2ee77c14a0299d0541d26f3d8500bb57e081233e3fa915fa35abd02c51fa7fae",
                "sha256:37730f6e68bdc6a3f02d2079c34c532330d206429f3cee651aab6b66839a9f0e",
                "sha256:3f08bd8d785204149b5b33e3b5f0ebbfe2190ea58d1a051c578e29e39bfd2367",
                "sha256:479ab11cbd69612acefa8286481f65c5dece2002ffaa4f9db62682379ca3bb77",
                "sha256:4bc3c7ef940eeb200ca65bd83005eb3aae8083d47e8fcbf5f0943baa50726856",
                "sha256:660a87085925c61a0dcc80efb967512ac34dbb256ff7dd2b9b4ee8dbdab58cf4",
                "sha256:67b3666b544b953a2777cb3f5a922e991be73ab32635666ee72e05876b8a92de",
                "sha256:70af7d222df0ff81a2da601fab42decb009dc721545ed78549cb96e3a1c5f0c8",
                "sha256:75e09042a3b39e0ea61ce37e941221313d51a9c26b8e54e12b3ececccb71718a",
                "sha256:8960a8a9f4598974e4c2aeb1bff9bdd5db03ee65fd1fce8adf3223721aa2a636",
                "sha256:9364c81b252d8348e9cc0cb63e856b8f7c1b340caba6ee7a7a65c968312f7dab",
                "sha256:969cc558cca859cadf24f890fc009e1bce7d7d0386ba7c0478641a60199adf79",
                "sha256:9a211b663cf2314edbdb4cf897beeb5c9ee3810d1d53f0e423f06d6ebbf9cd5d",
                "sha256:a17ca41f45cf78c2216ebfab03add7cc350c305c38ff34ef4eef66b7d76c5229",
                "sha256:a2f381932dca2cf775811a008aa3027671ace723b7a38838045b1aee8669fdcf",
                "sha256:a4eef1ff2d62676deabf076f963eda4da34b51bc0517c70239fafed1d5b51500",
                "sha256:c088a000dfdd88c184cc7271bfac8c5b82d9efa8637cd2b68183771e3cf56f04",
                "sha256:c0e0550a404c69aab1e04ae89cca3e2a042b56ab043f7f729d984bf73ed2a093",
                "sha256:c11003197f908878164f0e6da15fce22373ac3fc320cda8c9d16e6bba105b844",
                "sha256:c2a5ff58751670292b406b9f06e07ed1446a4b13ffced6b6cab75b857485cbc8",
                "sha256:c35d09db702f4185ba22bb33ef1751ad49c266534339a5cebeb5159d364f6f82",
                "sha256:c379425c2707078dfb6bfad2430728831d399dc95a7deeb92015eb4c92345eaf",
                "sha256:cc866706d56bd3a7dbf8bac8660c6f6462f2f2b8a49add2ba617bc0c54473d83",
                "sha256:d0da39795049a9afcaadec532e7b669b5ebbb2a9134576ebcc15dd5bdae33cc0",
                "sha256:f156d6ecfc747ee111c167f8faf5f4953761b5e66e91a4e6767e548d0f80129c",
                "sha256:f4ebde71785f8bceb39dcd1e7f06bcc5d5c3cf48b9f69ab52636309387b097c8",
                "sha256:fc214a6b75d2e0ea7745488da7da3c381f41790812988c7a92345978414fad37",
                "sha256:fd7eef578f5b2200d066db1b50c4aa66410786201669fb76d5238b007918fb24",
                "sha256:ff04c373477723430dce2e9d024c708a047d44cf17166bf16e604b379bf0ca14"
            ],
            "markers": "python_version >= '3.6'",
            "version": "==8.3.1"
        },
        "pluggy": {
            "hashes": [
                "sha256:15b2acde666561e1298d71b523007ed7364de07029219b604cf808bfa1c765b0",
                "sha256:966c145cd83c96502c3c3868f50408687b38434af77734af1e9ca461a4081d2d"
            ],
            "markers": "python_version >= '2.7' and python_version not in '3.0, 3.1, 3.2, 3.3'",
            "version": "==0.13.1"
        },
        "py": {
            "hashes": [
                "sha256:21b81bda15b66ef5e1a777a21c4dcd9c20ad3efd0b3f817e7a809035269e1bd3",
                "sha256:3b80836aa6d1feeaa108e046da6423ab8f6ceda6468545ae8d02d9d58d18818a"
            ],
            "markers": "python_version >= '2.7' and python_version not in '3.0, 3.1, 3.2, 3.3'",
            "version": "==1.10.0"
        },
        "pycodestyle": {
            "hashes": [
                "sha256:514f76d918fcc0b55c6680472f0a37970994e07bbb80725808c17089be302068",
                "sha256:c389c1d06bf7904078ca03399a4816f974a1d590090fecea0c63ec26ebaf1cef"
            ],
            "markers": "python_version >= '2.7' and python_version not in '3.0, 3.1, 3.2, 3.3'",
            "version": "==2.7.0"
        },
        "pyflakes": {
            "hashes": [
                "sha256:7893783d01b8a89811dd72d7dfd4d84ff098e5eed95cfa8905b22bbffe52efc3",
                "sha256:f5bc8ecabc05bb9d291eb5203d6810b49040f6ff446a756326104746cc00c1db"
            ],
            "markers": "python_version >= '2.7' and python_version not in '3.0, 3.1, 3.2, 3.3'",
            "version": "==2.3.1"
        },
        "pyparsing": {
            "hashes": [
                "sha256:c203ec8783bf771a155b207279b9bccb8dea02d8f0c9e5f8ead507bc3246ecc1",
                "sha256:ef9d7589ef3c200abe66653d3f1ab1033c3c419ae9b9bdb1240a85b024efc88b"
            ],
            "markers": "python_version >= '2.6' and python_version not in '3.0, 3.1, 3.2, 3.3'",
            "version": "==2.4.7"
        },
        "pyrsistent": {
            "hashes": [
                "sha256:097b96f129dd36a8c9e33594e7ebb151b1515eb52cceb08474c10a5479e799f2",
                "sha256:2aaf19dc8ce517a8653746d98e962ef480ff34b6bc563fc067be6401ffb457c7",
                "sha256:404e1f1d254d314d55adb8d87f4f465c8693d6f902f67eb6ef5b4526dc58e6ea",
                "sha256:48578680353f41dca1ca3dc48629fb77dfc745128b56fc01096b2530c13fd426",
                "sha256:4916c10896721e472ee12c95cdc2891ce5890898d2f9907b1b4ae0f53588b710",
                "sha256:527be2bfa8dc80f6f8ddd65242ba476a6c4fb4e3aedbf281dfbac1b1ed4165b1",
                "sha256:58a70d93fb79dc585b21f9d72487b929a6fe58da0754fa4cb9f279bb92369396",
                "sha256:5e4395bbf841693eaebaa5bb5c8f5cdbb1d139e07c975c682ec4e4f8126e03d2",
                "sha256:6b5eed00e597b5b5773b4ca30bd48a5774ef1e96f2a45d105db5b4ebb4bca680",
                "sha256:73ff61b1411e3fb0ba144b8f08d6749749775fe89688093e1efef9839d2dcc35",
                "sha256:772e94c2c6864f2cd2ffbe58bb3bdefbe2a32afa0acb1a77e472aac831f83427",
                "sha256:773c781216f8c2900b42a7b638d5b517bb134ae1acbebe4d1e8f1f41ea60eb4b",
                "sha256:a0c772d791c38bbc77be659af29bb14c38ced151433592e326361610250c605b",
                "sha256:b29b869cf58412ca5738d23691e96d8aff535e17390128a1a52717c9a109da4f",
                "sha256:c1a9ff320fa699337e05edcaae79ef8c2880b52720bc031b219e5b5008ebbdef",
                "sha256:cd3caef37a415fd0dae6148a1b6957a8c5f275a62cca02e18474608cb263640c",
                "sha256:d5ec194c9c573aafaceebf05fc400656722793dac57f254cd4741f3c27ae57b4",
                "sha256:da6e5e818d18459fa46fac0a4a4e543507fe1110e808101277c5a2b5bab0cd2d",
                "sha256:e79d94ca58fcafef6395f6352383fa1a76922268fa02caa2272fff501c2fdc78",
                "sha256:f3ef98d7b76da5eb19c37fda834d50262ff9167c65658d1d8f974d2e4d90676b",
                "sha256:f4c8cabb46ff8e5d61f56a037974228e978f26bfefce4f61a4b1ac0ba7a2ab72"
            ],
            "markers": "python_version >= '3.6'",
            "version": "==0.18.0"
        },
        "pytest": {
            "hashes": [
                "sha256:50bcad0a0b9c5a72c8e4e7c9855a3ad496ca6a881a3641b4260605450772c54b",
                "sha256:91ef2131a9bd6be8f76f1f08eac5c5317221d6ad1e143ae03894b862e8976890"
            ],
            "index": "pypi",
            "version": "==6.2.4"
        },
        "python-dateutil": {
            "hashes": [
                "sha256:0123cacc1627ae19ddf3c27a5de5bd67ee4586fbdd6440d9748f8abb483d3e86",
                "sha256:961d03dc3453ebbc59dbdea9e4e11c5651520a876d0f4db161e8674aae935da9"
            ],
            "markers": "python_version >= '2.7' and python_version not in '3.0, 3.1, 3.2, 3.3'",
            "version": "==2.8.2"
        },
        "pytz": {
            "hashes": [
                "sha256:83a4a90894bf38e243cf052c8b58f381bfe9a7a483f6a9cab140bc7f702ac4da",
                "sha256:eb10ce3e7736052ed3623d49975ce333bcd712c7bb19a58b9e2089d4057d0798"
            ],
            "version": "==2021.1"
        },
        "pyyaml": {
            "hashes": [
                "sha256:08682f6b72c722394747bddaf0aa62277e02557c0fd1c42cb853016a38f8dedf",
                "sha256:0f5f5786c0e09baddcd8b4b45f20a7b5d61a7e7e99846e3c799b05c7c53fa696",
                "sha256:129def1b7c1bf22faffd67b8f3724645203b79d8f4cc81f674654d9902cb4393",
                "sha256:294db365efa064d00b8d1ef65d8ea2c3426ac366c0c4368d930bf1c5fb497f77",
                "sha256:3b2b1824fe7112845700f815ff6a489360226a5609b96ec2190a45e62a9fc922",
                "sha256:3bd0e463264cf257d1ffd2e40223b197271046d09dadf73a0fe82b9c1fc385a5",
                "sha256:4465124ef1b18d9ace298060f4eccc64b0850899ac4ac53294547536533800c8",
                "sha256:49d4cdd9065b9b6e206d0595fee27a96b5dd22618e7520c33204a4a3239d5b10",
                "sha256:4e0583d24c881e14342eaf4ec5fbc97f934b999a6828693a99157fde912540cc",
                "sha256:5accb17103e43963b80e6f837831f38d314a0495500067cb25afab2e8d7a4018",
                "sha256:607774cbba28732bfa802b54baa7484215f530991055bb562efbed5b2f20a45e",
                "sha256:6c78645d400265a062508ae399b60b8c167bf003db364ecb26dcab2bda048253",
                "sha256:72a01f726a9c7851ca9bfad6fd09ca4e090a023c00945ea05ba1638c09dc3347",
                "sha256:74c1485f7707cf707a7aef42ef6322b8f97921bd89be2ab6317fd782c2d53183",
                "sha256:895f61ef02e8fed38159bb70f7e100e00f471eae2bc838cd0f4ebb21e28f8541",
                "sha256:8c1be557ee92a20f184922c7b6424e8ab6691788e6d86137c5d93c1a6ec1b8fb",
                "sha256:bb4191dfc9306777bc594117aee052446b3fa88737cd13b7188d0e7aa8162185",
                "sha256:bfb51918d4ff3d77c1c856a9699f8492c612cde32fd3bcd344af9be34999bfdc",
                "sha256:c20cfa2d49991c8b4147af39859b167664f2ad4561704ee74c1de03318e898db",
                "sha256:cb333c16912324fd5f769fff6bc5de372e9e7a202247b48870bc251ed40239aa",
                "sha256:d2d9808ea7b4af864f35ea216be506ecec180628aced0704e34aca0b040ffe46",
                "sha256:d483ad4e639292c90170eb6f7783ad19490e7a8defb3e46f97dfe4bacae89122",
                "sha256:dd5de0646207f053eb0d6c74ae45ba98c3395a571a2891858e87df7c9b9bd51b",
                "sha256:e1d4970ea66be07ae37a3c2e48b5ec63f7ba6804bdddfdbd3cfd954d25a82e63",
                "sha256:e4fac90784481d221a8e4b1162afa7c47ed953be40d31ab4629ae917510051df",
                "sha256:fa5ae20527d8e831e8230cbffd9f8fe952815b2b7dae6ffec25318803a7528fc",
                "sha256:fd7f6999a8070df521b6384004ef42833b9bd62cfee11a09bda1079b4b704247",
                "sha256:fdc842473cd33f45ff6bce46aea678a54e3d21f1b61a7750ce3c498eedfe25d6",
                "sha256:fe69978f3f768926cfa37b867e3843918e012cf83f680806599ddce33c2c68b0"
            ],
            "markers": "python_version >= '2.7' and python_version not in '3.0, 3.1, 3.2, 3.3, 3.4, 3.5'",
            "version": "==5.4.1"
        },
        "rasterio": {
            "hashes": [
                "sha256:2134587770d258ed97f40e4f910b7250bd3d39cdba76f9dd1617ca73cd481ff5",
                "sha256:24975b97fe2fc3fd282d59640baab19de431448e1b23be6b85b68fecc1362f88",
                "sha256:294479e9d7caf64c95a90b2ed2ec13df6eba35f035f0c536a388e0160e9abf03",
                "sha256:6154622ec5210f5768db6544502b89487cfac10b0be9a321af33cd64e8cbe0fa",
                "sha256:87129e50e835e2696c17d19c5e7f5d566d09f8895d9e405e2c7d78adc63ae626",
                "sha256:bd06ed04197eb79b96240dc90354fe15e0fe9b531312830045c849e4db57a42f",
                "sha256:da2ed05c025bbdc1df8bdd9d1237e96ca3030eadabdb67722674620e9732a54a",
                "sha256:f55aa86bac58672ca47627a1dfecd56d35581beb49feae1f22818f97ff79abf8",
                "sha256:fda220ca942ff7446458a1d532121a2a0bebffdcbe064e4719dcca348a2ed541"
            ],
            "index": "pypi",
            "version": "==1.2.6"
        },
        "regex": {
            "hashes": [
                "sha256:0696eb934dee723e3292056a2c046ddb1e4dd3887685783a9f4af638e85dee76",
                "sha256:105122fa63da98d8456d5026bc6ac5a1399fd82fa6bad22c6ea641b1572c9142",
                "sha256:116c277774f84266044e889501fe79cfd293a8b4336b7a5e89b9f20f1e5a9f21",
                "sha256:12eaf0bbe568bd62e6cade7937e0bf01a2a4cef49a82f4fd204401e78409e158",
                "sha256:1401cfa4320691cbd91191ec678735c727dee674d0997b0902a5a38ad482faf5",
                "sha256:19acdb8831a4e3b03b23369db43178d8fee1f17b99c83af6cd907886f76bd9d4",
                "sha256:208851a2f8dd31e468f0b5aa6c94433975bd67a107a4e7da3bdda947c9f85e25",
                "sha256:24d68499a27b2d93831fde4a9b84ea5b19e0ab141425fbc9ab1e5b4dad179df7",
                "sha256:2778c6cb379d804e429cc8e627392909e60db5152b42c695c37ae5757aae50ae",
                "sha256:2a0a5e323cf86760784ce2b91d8ab5ea09d0865d6ef4da0151e03d15d097b24e",
                "sha256:2d9cbe0c755ab8b6f583169c0783f7278fc6b195e423b09c5a8da6f858025e96",
                "sha256:2de1429e4eeab799c168a4f6e6eecdf30fcaa389bba4039cc8a065d6b7aad647",
                "sha256:32753eda8d413ce4f208cfe01dd61171a78068a6f5d5f38ccd751e00585cdf1d",
                "sha256:3ee8ad16a35c45a5bab098e39020ecb6fec3b0e700a9d88983d35cbabcee79c8",
                "sha256:4f03fc0a25122cdcbf39136510d4ea7627f732206892db522adf510bc03b8c67",
                "sha256:4f3e36086d6631ceaf468503f96a3be0d247caef0660c9452fb1b0c055783851",
                "sha256:503c1ba0920a46a1844363725215ef44d59fcac2bd2c03ae3c59aa9d08d29bd6",
                "sha256:507861cf3d97a86fbe26ea6cc04660ae028b9e4080b8290e28b99547b4e15d89",
                "sha256:56ae6e3cf0506ec0c40b466e31f41ee7a7149a2b505ae0ee50edd9043b423d27",
                "sha256:6530b7b9505123cdea40a2301225183ca65f389bc6129f0c225b9b41680268d8",
                "sha256:6729914dd73483cd1c8aaace3ac082436fc98b0072743ac136eaea0b3811d42f",
                "sha256:7406dd2e44c7cfb4680c0a45a03264381802c67890cf506c147288f04c67177d",
                "sha256:7684016b73938ca12d160d2907d141f06b7597bd17d854e32bb7588be01afa1d",
                "sha256:7db58ad61f3f6ea393aaf124d774ee0c58806320bc85c06dc9480f5c7219c250",
                "sha256:83946ca9278b304728b637bc8d8200ab1663a79de85e47724594917aeed0e892",
                "sha256:84057cfae5676f456b03970eb78b7e182fddc80c2daafd83465a3d6ca9ff8dbf",
                "sha256:862b6164e9a38b5c495be2c2854e75fd8af12c5be4c61dc9b42d255980d7e907",
                "sha256:8ddb4f9ce6bb388ecc97b4b3eb37e786f05d7d5815e8822e0d87a3dbd7100649",
                "sha256:92eb03f47427fea452ff6956d11f5d5a3f22a048c90a0f34fa223e6badab6c85",
                "sha256:a5f3bc727fea58f21d99c22e6d4fca652dc11dbc2a1e7cfc4838cd53b2e3691f",
                "sha256:a6180dbf5945b27e9420e1b58c3cacfc79ad5278bdad3ea35109f5680fbe16d1",
                "sha256:b158f673ae6a6523f13704f70aa7e4ce875f91e379bece4362c89db18db189d5",
                "sha256:cd45b4542134de63e7b9dd653e0a2d7d47ffed9615e3637c27ca5f6b78ea68bb",
                "sha256:d2404336fd16788ea757d4218a2580de60adb052d9888031e765320be8884309",
                "sha256:db888d4fb33a2fd54b57ac55d5015e51fa849f0d8592bd799b4e47f83bd04e00",
                "sha256:dde0ac721c7c5bfa5f9fc285e811274dec3c392f2c1225f7d07ca98a8187ca84",
                "sha256:de0d06ccbc06af5bf93bddec10f4f80275c5d74ea6d28b456931f3955f58bc8c",
                "sha256:e02dad60e3e8442eefd28095e99b2ac98f2b8667167493ac6a2f3aadb5d84a17",
                "sha256:e960fe211496333b2f7e36badf4c22a919d740386681f79139ee346b403d1ca1",
                "sha256:e9700c52749cb3e90c98efd72b730c97b7e4962992fca5fbcaf1363be8e3b849",
                "sha256:ee318974a1fdacba1701bc9e552e9015788d6345416364af6fa987424ff8df53"
            ],
            "version": "==2021.8.27"
        },
        "requests": {
            "hashes": [
                "sha256:6c1246513ecd5ecd4528a0906f910e8f0f9c6b8ec72030dc9fd154dc1a6efd24",
                "sha256:b8aa58f8cf793ffd8782d3d8cb19e66ef36f7aba4353eec859e74678b01b07a7"
            ],
            "markers": "python_version >= '2.7' and python_version not in '3.0, 3.1, 3.2, 3.3, 3.4, 3.5'",
            "version": "==2.26.0"
        },
        "requests-toolbelt": {
            "hashes": [
                "sha256:380606e1d10dc85c3bd47bf5a6095f815ec007be7a8b69c878507068df059e6f",
                "sha256:968089d4584ad4ad7c171454f0a5c6dac23971e9472521ea3b6d49d610aa6fc0"
            ],
            "version": "==0.9.1"
        },
        "semantic-version": {
            "hashes": [
                "sha256:45e4b32ee9d6d70ba5f440ec8cc5221074c7f4b0e8918bdab748cc37912440a9",
                "sha256:d2cb2de0558762934679b9a104e82eca7af448c9f4974d1f3eeccff651df8a54"
            ],
            "markers": "python_version >= '2.7' and python_version not in '3.0, 3.1, 3.2, 3.3'",
            "version": "==2.8.5"
        },
        "six": {
            "hashes": [
                "sha256:1e61c37477a1626458e36f7b1d82aa5c9b094fa4802892072e49de9c60c4c926",
                "sha256:8abb2f1d86890a2dfb989f9a77cfcfd3e47c2a354b01111771326f8aa26e0254"
            ],
            "markers": "python_version >= '2.7' and python_version not in '3.0, 3.1, 3.2, 3.3'",
            "version": "==1.16.0"
        },
        "snuggs": {
            "hashes": [
                "sha256:501cf113fe3892e14e2fee76da5cd0606b7e149c411c271898e6259ebde2617b",
                "sha256:988dde5d4db88e9d71c99457404773dabcc7a1c45971bfbe81900999942d9f07"
            ],
            "version": "==1.4.7"
        },
        "toml": {
            "hashes": [
                "sha256:806143ae5bfb6a3c6e736a764057db0e6a0e05e338b5630894a5f779cabb4f9b",
                "sha256:b3bda1d108d5dd99f4a20d24d9c348e91c4db7ab1b749200bded2f839ccbe68f"
            ],
            "markers": "python_version >= '2.6' and python_version not in '3.0, 3.1, 3.2, 3.3'",
            "version": "==0.10.2"
        },
        "tomli": {
            "hashes": [
                "sha256:8dd0e9524d6f386271a36b41dbf6c57d8e32fd96fd22b6584679dc569d20899f",
                "sha256:a5b75cb6f3968abb47af1b40c1819dc519ea82bcc065776a866e8d74c5ca9442"
            ],
            "markers": "python_version >= '3.6'",
            "version": "==1.2.1"
        },
        "torch": {
            "hashes": [
                "sha256:0164673908e6b291ace592d382eba3e258b3bad009b8078cad8f3b9e00d8f23e",
                "sha256:0a9e74b5057463ce4e55d9332a5670993fc9e1299c52e1740e505eda106fb355",
                "sha256:0aa4cca3f16fab40cb8dae6a49d0eccdc8f4ead9d1a6428cd9ba12befe082b2a",
                "sha256:117098d4924b260a24a47c6b3fe37f2ae41f04a2ea2eff9f553ae9210b12fa54",
                "sha256:1d8139dcc864f48dc316376384f50e47a459284ad1cb84449242f4964e25aaec",
                "sha256:3a2d070cf28860d285d4ab156f3954c0c1d12f4c037aa312a7c029227c0d106b",
                "sha256:52548b45efff772fe3810fe91daf34f981ac0ca1a7227f6226fd5693f53b5b88",
                "sha256:569ead6ae6bb0e636df0fc8af660ef03260e630dc5f2f4cf3198027e7b6bb481",
                "sha256:62c0a7e433681d0861494d1ede96d2485e4dbb3ea8fd867e8419addebf5de1af",
                "sha256:646de1bef85d6c7590e98f8ea52e47acdcf58330982e4f5d73f5ca28dea2d552",
                "sha256:7e2b14fe5b3a8266cbe2f6740c0195497507974ced7bc21e99971561913a0c28",
                "sha256:8a2b2012b3c7d6019e189496688fa77de7029a220840b406d8302d1c8021a11c",
                "sha256:95eeec3a6c42fd35aca552777b7d9979ed489760423de97c0118a45e849a61f4",
                "sha256:b296e65e25081af147af936f1e3a1f17f583a9afacfa5309742678ffef728ace",
                "sha256:d6103b9a634993bd967337a1149f9d8b23922f42a3660676239399e15c1b4515",
                "sha256:d88333091fd1627894bbf0d6dcef58a90e36bdf0d90a5d4675b5e07e72075511",
                "sha256:e596f0105f748cf09d4763152d8157aaf58d5231232eaf2c5673d4562ba86ad3",
                "sha256:ecc7193fff7741ced3db1f760666c8454d6664956288c54d1b49613b987a42f4"
            ],
            "index": "pypi",
            "version": "==1.9.0"
        },
        "torchmetrics": {
            "hashes": [
                "sha256:5c6cfacbc127f53ae37c563d802a1dbfe5132e99865048c2bf5e1878e2a126d0",
                "sha256:b03e348a386d8e96a52695d37943ab279a8912ef2c4002770be68b97cab855d9"
            ],
            "index": "pypi",
            "version": "==0.5.0"
        },
        "torchvision": {
            "hashes": [
                "sha256:20a57ce42fa20c26d800c65d5b88dbaaa115a01f4f5623d41abfb182b854f199",
                "sha256:4796e1fb2995c6e495c5ea4e2b0fe0e4be44bd9416ef4a1349c1a406675cbdee",
                "sha256:487bbfd89575a52cd18bca8a33e24c373570e060f801265051c3a0aafc769720",
                "sha256:576d7b070f25cbfc78a710960fd8fa6d3961d640db05f7ace69d9a3e5bbf754a",
                "sha256:6b917d4762deaaa4c0cdd106403ea8384a1fdf93de424097bd71f3ebfdc76b41",
                "sha256:6d69bf15a6e885e3b8c674a524bc6b53016879cb8b0fd8537327edd2d243cab1",
                "sha256:9597da592f76d22d9e80a4a072294e093f8c3a06c404f3ff237f359b9225e097",
                "sha256:a30466893a5b97073c992859f3645e3e1f41daf2c1b4db6cb2ac8ec7d0e1f6bc",
                "sha256:a405d968e7e94c0744870eef31c977635e2123b0b46becc1461a28b7c27d3c0c",
                "sha256:aa709fa63896f93e03a03976230a51050fcd5f1b45cf663f62d91b7eaaf8ac09",
                "sha256:ad24107b2ed0ccc372af92822f1f8f5530907b6fb7520a08195cf0bb07446923",
                "sha256:ae9606cc248de9b3a077710529b11c57315d2914c8ee3099fbd93a62f56a1661",
                "sha256:bb04708354fb6d639f6e47d8066b0d546fbe0a3a68685cf8d413a6370c8f63ad",
                "sha256:ce2aae5567522f2a877c6334796721af07c164e94ff75876821fadb3310cfe7e",
                "sha256:d5c80cf058c0ecb010a97dc71225f5274e45c596bfad7505e0d000abcccb7063",
                "sha256:da65af25b51caf43327ecb3ccf550eedfd62d1f73511db44370b4b9522569b8d",
                "sha256:f26c5ba220445ee8e892033234485c9276304874e87ec9d5146779167be3148d",
                "sha256:f68291559a4cf1245c95efc5e47ebe158819aceec4e1f585d2fe133cd2c9d8e8"
            ],
            "index": "pypi",
            "version": "==0.10.0"
        },
        "typing-extensions": {
            "hashes": [
                "sha256:0ac0f89795dd19de6b97debb0c6af1c70987fd80a2d62d1958f7e56fcc31b497",
                "sha256:50b6f157849174217d0656f99dc82fe932884fb250826c18350e159ec6cdf342",
                "sha256:779383f6086d90c99ae41cf0ff39aac8a7937a9283ce0a414e5dd782f4c94a84"
            ],
            "version": "==3.10.0.0"
        },
        "urllib3": {
            "hashes": [
                "sha256:39fb8672126159acb139a7718dd10806104dec1e2f0f6c88aab05d17df10c8d4",
                "sha256:f57b4c16c62fa2760b7e3d97c35b255512fb6b59a259730f36ba32ce9f8e342f"
            ],
            "markers": "python_version >= '2.7' and python_version not in '3.0, 3.1, 3.2, 3.3, 3.4' and python_version < '4'",
            "version": "==1.26.6"
        },
        "websocket-client": {
            "hashes": [
                "sha256:0133d2f784858e59959ce82ddac316634229da55b498aac311f1620567a710ec",
                "sha256:8dfb715d8a992f5712fff8c843adae94e22b22a99b2c5e6b0ec4a1a981cc4e0d"
            ],
            "markers": "python_version >= '3.6'",
            "version": "==1.2.1"
        },
        "wrapt": {
            "hashes": [
                "sha256:b62ffa81fb85f4332a4f609cab4ac40709470da05643a082ec1eb88e6d9b97d7"
            ],
            "version": "==1.12.1"
        },
        "wurlitzer": {
            "hashes": [
                "sha256:36051ac530ddb461a86b6227c4b09d95f30a1d1043de2b4a592e97ae8a84fcdf",
                "sha256:37f3ed1b08bf887172eda7f5177417241ec54cdd5e70df74c92d96875ceff632"
            ],
            "markers": "python_version >= '3.5'",
            "version": "==3.0.2"
        },
        "yacs": {
            "hashes": [
                "sha256:99f893e30497a4b66842821bac316386f7bd5c4f47ad35c9073ef089aa33af32",
                "sha256:d43d1854c1ffc4634c5b349d1c1120f86f05c3a294c9d141134f282961ab5d94",
                "sha256:efc4c732942b3103bea904ee89af98bcd27d01f0ac12d8d4d369f1e7a2914384"
            ],
            "index": "pypi",
            "version": "==0.1.8"
        }
    },
    "develop": {}
}
